
Microsoft Visual Studio Solution File, Format Version 12.00
# Visual Studio Version 17
VisualStudioVersion = 17.4.33403.182
MinimumVisualStudioVersion = 10.0.40219.1
Project("{8BC9CEB8-8B4A-11D0-8D11-00A0C91BC942}") = "car_bilder", "car_bilder\car_bilder.vcxproj", "{CBE7DA1A-41D4-433F-B1E2-DE8F5BCC49AF}"
EndProject
Global
	GlobalSection(SolutionConfigurationPlatforms) = preSolution
		Debug|x64 = Debug|x64
		Debug|x86 = Debug|x86
		Release|x64 = Release|x64
		Release|x86 = Release|x86
	EndGlobalSection
	GlobalSection(ProjectConfigurationPlatforms) = postSolution
		{CBE7DA1A-41D4-433F-B1E2-DE8F5BCC49AF}.Debug|x64.ActiveCfg = Debug|x64
		{CBE7DA1A-41D4-433F-B1E2-DE8F5BCC49AF}.Debug|x64.Build.0 = Debug|x64
		{CBE7DA1A-41D4-433F-B1E2-DE8F5BCC49AF}.Debug|x86.ActiveCfg = Debug|Win32
		{CBE7DA1A-41D4-433F-B1E2-DE8F5BCC49AF}.Debug|x86.Build.0 = Debug|Win32
		{CBE7DA1A-41D4-433F-B1E2-DE8F5BCC49AF}.Release|x64.ActiveCfg = Release|x64
		{CBE7DA1A-41D4-433F-B1E2-DE8F5BCC49AF}.Release|x64.Build.0 = Release|x64
		{CBE7DA1A-41D4-433F-B1E2-DE8F5BCC49AF}.Release|x86.ActiveCfg = Release|Win32
		{CBE7DA1A-41D4-433F-B1E2-DE8F5BCC49AF}.Release|x86.Build.0 = Release|Win32
	EndGlobalSection
	GlobalSection(SolutionProperties) = preSolution
		HideSolutionNode = FALSE
	EndGlobalSection
	GlobalSection(ExtensibilityGlobals) = postSolution
		SolutionGuid = {54751478-2F54-4A9A-A5B2-F0344D930CFC}
	EndGlobalSection
EndGlobal
